
Microsoft Visual Studio Solution File, Format Version 12.00
# Visual Studio 15
VisualStudioVersion = 15.0.28307.438
MinimumVisualStudioVersion = 10.0.40219.1
Project("{FAE04EC0-301F-11D3-BF4B-00C04F79EFBC}") = "dfa_final", "dfa_final\dfa_final.csproj", "{9A0A92B8-CA6B-471A-82A7-162B8563739C}"
EndProject
Global
	GlobalSection(SolutionConfigurationPlatforms) = preSolution
		Debug|Any CPU = Debug|Any CPU
		Release|Any CPU = Release|Any CPU
	EndGlobalSection
	GlobalSection(ProjectConfigurationPlatforms) = postSolution
		{9A0A92B8-CA6B-471A-82A7-162B8563739C}.Debug|Any CPU.ActiveCfg = Debug|Any CPU
		{9A0A92B8-CA6B-471A-82A7-162B8563739C}.Debug|Any CPU.Build.0 = Debug|Any CPU
		{9A0A92B8-CA6B-471A-82A7-162B8563739C}.Release|Any CPU.ActiveCfg = Release|Any CPU
		{9A0A92B8-CA6B-471A-82A7-162B8563739C}.Release|Any CPU.Build.0 = Release|Any CPU
	EndGlobalSection
	GlobalSection(SolutionProperties) = preSolution
		HideSolutionNode = FALSE
	EndGlobalSection
	GlobalSection(ExtensibilityGlobals) = postSolution
		SolutionGuid = {FA594CBD-AACC-48C8-8102-0E73180AD333}
	EndGlobalSection
EndGlobal
